<?xml version="1.0" encoding="utf-8"?>
<Project ToolsVersion="4.0" xmlns="http://schemas.microsoft.com/developer/msbuild/2003">
  <ItemGroup>
    <ClCompile Include="$(MSBuildThisFileDirectory)MegiScene.cpp" />
    <ClCompile Include="$(MSBuildThisFileDirectory)MegiSceneManager.cpp" />
    <ClCompile Include="$(MSBuildThisFileDirectory)MegiComponent.cpp">
      <Filter>Components</Filter>
    </ClCompile>
    <ClCompile Include="$(MSBuildThisFileDirectory)MegiSpriteRenderer.cpp">
      <Filter>Components</Filter>
    </ClCompile>
    <ClCompile Include="$(MSBuildThisFileDirectory)MegiTransform.cpp">
      <Filter>Components</Filter>
    </ClCompile>
    <ClCompile Include="$(MSBuildThisFileDirectory)MegiTime.cpp">
      <Filter>Core</Filter>
    </ClCompile>
    <ClCompile Include="$(MSBuildThisFileDirectory)MegiApplication.cpp">
      <Filter>Core</Filter>
    </ClCompile>
    <ClCompile Include="$(MSBuildThisFileDirectory)MegiInput.cpp">
      <Filter>Core</Filter>
    </ClCompile>
    <ClCompile Include="$(MSBuildThisFileDirectory)MegiEntity.cpp">
      <Filter>Core</Filter>
    </ClCompile>
    <ClCompile Include="$(MSBuildThisFileDirectory)MegiGameObject.cpp">
      <Filter>GameObjects</Filter>
    </ClCompile>
    <ClCompile Include="$(MSBuildThisFileDirectory)MegiPlayer.cpp">
      <Filter>GameObjects</Filter>
    </ClCompile>
    <ClCompile Include="$(MSBuildThisFileDirectory)MegiPlayerController.cpp">
      <Filter>Components</Filter>
    </ClCompile>
    <ClCompile Include="$(MSBuildThisFileDirectory)MegiLayer.cpp" />
    <ClCompile Include="$(MSBuildThisFileDirectory)MegiTexture.cpp">
      <Filter>Resource</Filter>
    </ClCompile>
    <ClCompile Include="$(MSBuildThisFileDirectory)MegiResource.cpp">
      <Filter>Resource</Filter>
    </ClCompile>
    <ClCompile Include="$(MSBuildThisFileDirectory)MegiMath.cpp">
      <Filter>Core</Filter>
    </ClCompile>
    <ClCompile Include="$(MSBuildThisFileDirectory)MegiResources.cpp">
      <Filter>Resource</Filter>
    </ClCompile>
    <ClCompile Include="$(MSBuildThisFileDirectory)MegiScript.cpp">
      <Filter>Components</Filter>
    </ClCompile>
    <ClCompile Include="$(MSBuildThisFileDirectory)MegiCamera.cpp">
      <Filter>Components</Filter>
    </ClCompile>
    <ClCompile Include="$(MSBuildThisFileDirectory)MegiRenderer.cpp">
      <Filter>Core</Filter>
    </ClCompile>
    <ClCompile Include="$(MSBuildThisFileDirectory)MegiAnimator.cpp">
      <Filter>Core</Filter>
    </ClCompile>
    <ClCompile Include="$(MSBuildThisFileDirectory)MegiAnimation.cpp">
      <Filter>Resource</Filter>
    </ClCompile>
    <ClCompile Include="$(MSBuildThisFileDirectory)MegiCat.cpp">
      <Filter>GameObjects</Filter>
    </ClCompile>
    <ClCompile Include="$(MSBuildThisFileDirectory)MegiCatController.cpp">
      <Filter>Components</Filter>
    </ClCompile>
    <ClCompile Include="$(MSBuildThisFileDirectory)MegiWillBeDestroied.cpp">
      <Filter>Components</Filter>
    </ClCompile>
    <ClCompile Include="$(MSBuildThisFileDirectory)MegiMoveToMousePos.cpp">
      <Filter>Components</Filter>
    </ClCompile>
  </ItemGroup>
  <ItemGroup>
    <ClInclude Include="$(MSBuildThisFileDirectory)MegiScene.h" />
    <ClInclude Include="$(MSBuildThisFileDirectory)MegiSceneManager.h" />
    <ClInclude Include="$(MSBuildThisFileDirectory)MegiComponent.h">
      <Filter>Components</Filter>
    </ClInclude>
    <ClInclude Include="$(MSBuildThisFileDirectory)MegiSpriteRenderer.h">
      <Filter>Components</Filter>
    </ClInclude>
    <ClInclude Include="$(MSBuildThisFileDirectory)MegiTransform.h">
      <Filter>Components</Filter>
    </ClInclude>
    <ClInclude Include="$(MSBuildThisFileDirectory)MegiTime.h">
      <Filter>Core</Filter>
    </ClInclude>
    <ClInclude Include="$(MSBuildThisFileDirectory)MegiApplication.h">
      <Filter>Core</Filter>
    </ClInclude>
    <ClInclude Include="$(MSBuildThisFileDirectory)MegiInput.h">
      <Filter>Core</Filter>
    </ClInclude>
    <ClInclude Include="$(MSBuildThisFileDirectory)CommonInclude.h">
      <Filter>Core</Filter>
    </ClInclude>
    <ClInclude Include="$(MSBuildThisFileDirectory)MegiEntity.h">
      <Filter>Core</Filter>
    </ClInclude>
    <ClInclude Include="$(MSBuildThisFileDirectory)MegiGameObject.h">
      <Filter>GameObjects</Filter>
    </ClInclude>
    <ClInclude Include="$(MSBuildThisFileDirectory)MegiPlayer.h">
      <Filter>GameObjects</Filter>
    </ClInclude>
    <ClInclude Include="$(MSBuildThisFileDirectory)MegiPlayerController.h">
      <Filter>Components</Filter>
    </ClInclude>
    <ClInclude Include="$(MSBuildThisFileDirectory)MegiMath.h">
      <Filter>Core</Filter>
    </ClInclude>
    <ClInclude Include="$(MSBuildThisFileDirectory)MegiLayer.h" />
    <ClInclude Include="$(MSBuildThisFileDirectory)MegiEnums.h">
      <Filter>Core</Filter>
    </ClInclude>
    <ClInclude Include="$(MSBuildThisFileDirectory)MegiTexture.h">
      <Filter>Resource</Filter>
    </ClInclude>
    <ClInclude Include="$(MSBuildThisFileDirectory)MegiResource.h">
      <Filter>Resource</Filter>
    </ClInclude>
    <ClInclude Include="$(MSBuildThisFileDirectory)MegiResources.h">
      <Filter>Resource</Filter>
    </ClInclude>
    <ClInclude Include="$(MSBuildThisFileDirectory)MegiScript.h">
      <Filter>Components</Filter>
    </ClInclude>
    <ClInclude Include="$(MSBuildThisFileDirectory)MegiCamera.h">
      <Filter>Components</Filter>
    </ClInclude>
    <ClInclude Include="$(MSBuildThisFileDirectory)MegiRenderer.h">
      <Filter>Core</Filter>
    </ClInclude>
    <ClInclude Include="$(MSBuildThisFileDirectory)MegiAnimator.h">
      <Filter>Core</Filter>
    </ClInclude>
    <ClInclude Include="$(MSBuildThisFileDirectory)MegiAnimation.h">
      <Filter>Resource</Filter>
    </ClInclude>
    <ClInclude Include="$(MSBuildThisFileDirectory)MegiCat.h">
      <Filter>GameObjects</Filter>
    </ClInclude>
    <ClInclude Include="$(MSBuildThisFileDirectory)MegiCatController.h">
      <Filter>Components</Filter>
    </ClInclude>
    <ClInclude Include="$(MSBuildThisFileDirectory)MegiObject.h">
      <Filter>Core</Filter>
    </ClInclude>
    <ClInclude Include="$(MSBuildThisFileDirectory)MegiWillBeDestroied.h">
      <Filter>Components</Filter>
    </ClInclude>
    <ClInclude Include="$(MSBuildThisFileDirectory)MegiMoveToMousePos.h">
      <Filter>Components</Filter>
    </ClInclude>
  </ItemGroup>
  <ItemGroup>
    <Filter Include="Components">
      <UniqueIdentifier>{5f49381a-455b-487f-bc24-d79e003e8884}</UniqueIdentifier>
    </Filter>
    <Filter Include="Core">
      <UniqueIdentifier>{8ba2d22a-6dea-47d9-82da-86fe8e63d8c2}</UniqueIdentifier>
    </Filter>
    <Filter Include="GameObjects">
      <UniqueIdentifier>{4a30b8a9-b2f0-474d-b5ef-e78dff12ddf5}</UniqueIdentifier>
    </Filter>
    <Filter Include="Resource">
      <UniqueIdentifier>{ed5f4ce5-f775-45f1-9e68-44d54e36c8ee}</UniqueIdentifier>
    </Filter>
  </ItemGroup>
</Project>