<?xml version="1.0" encoding="utf-8"?>
<Project ToolsVersion="4.0" xmlns="http://schemas.microsoft.com/developer/msbuild/2003">
  <ItemGroup>
    <Filter Include="PS">
      <UniqueIdentifier>{a40fe5ac-008c-4e72-bd5d-ade1320ad334}</UniqueIdentifier>
    </Filter>
    <Filter Include="VS">
      <UniqueIdentifier>{adb729d5-0dfa-48d8-b681-53ebcc9fe6ac}</UniqueIdentifier>
    </Filter>
  </ItemGroup>
  <ItemGroup>
    <FxCompile Include="$(MSBuildThisFileDirectory)TriangleVS.hlsl">
      <Filter>VS</Filter>
    </FxCompile>
    <FxCompile Include="$(MSBuildThisFileDirectory)TrianglePS.hlsl">
      <Filter>PS</Filter>
    </FxCompile>
  </ItemGroup>
  <ItemGroup>
    <None Include="$(MSBuildThisFileDirectory)ConstantBuffers.hlsli" />
  </ItemGroup>
</Project>